
Microsoft Visual Studio Solution File, Format Version 12.00
# Visual Studio Version 16
VisualStudioVersion = 16.0.30225.117
MinimumVisualStudioVersion = 15.0.26124.0
Project("{2150E333-8FDC-42A3-9474-1A3956D46DE8}") = "src", "src", "{10B83B43-B851-4B70-B2C3-1CF4E507235E}"
EndProject
Project("{9A19103F-16F7-4668-BE54-9A1E7A4F7556}") = "Insurance.Api", "src\Insurance.Api\Insurance.Api.csproj", "{0633C3FD-55EE-438F-9897-37915CF88F76}"
EndProject
Project("{9A19103F-16F7-4668-BE54-9A1E7A4F7556}") = "Insurance.Tests", "tests\Insurance.Tests\Insurance.Tests.csproj", "{91B42B0F-9D5A-4E40-9803-CE3C455A1437}"
EndProject
Project("{2150E333-8FDC-42A3-9474-1A3956D46DE8}") = "tests", "tests", "{688513B6-F847-4834-8770-21037905B973}"
EndProject
Project("{9A19103F-16F7-4668-BE54-9A1E7A4F7556}") = "Insurance.Domain", "src\Insurance.Domain\Insurance.Domain.csproj", "{18E15D25-27B5-40C8-A6BA-3F76FF91F3CC}"
EndProject
Project("{9A19103F-16F7-4668-BE54-9A1E7A4F7556}") = "Insurance.Common", "src\Insurance.Common\Insurance.Common.csproj", "{2687A717-5E9D-4BD5-9534-61BA6C1E1AEF}"
EndProject
Project("{9A19103F-16F7-4668-BE54-9A1E7A4F7556}") = "Insurance.Service", "src\Insurance.Service\Insurance.Service.csproj", "{44A048BC-0667-488D-AE23-DAAC4175B1BF}"
EndProject
Project("{9A19103F-16F7-4668-BE54-9A1E7A4F7556}") = "Insurance.Operations", "src\Insurance.Operations\Insurance.Operations.csproj", "{D5CC90D1-A4A9-4205-850C-1F04D51DE73D}"
EndProject
Project("{FAE04EC0-301F-11D3-BF4B-00C04F79EFBC}") = "Insurance.Manager", "src\Insurance.Manager\Insurance.Manager.csproj", "{72CAB28A-D217-428F-BCB9-E2884DF8F2D5}"
EndProject
Project("{FAE04EC0-301F-11D3-BF4B-00C04F79EFBC}") = "Insurance.Repository", "src\Insurance.Repository\Insurance.Repository.csproj", "{3E00E584-0962-4A61-9814-D10262C4875C}"
EndProject
Global
	GlobalSection(SolutionConfigurationPlatforms) = preSolution
		Debug|Any CPU = Debug|Any CPU
		Debug|x64 = Debug|x64
		Debug|x86 = Debug|x86
		Release|Any CPU = Release|Any CPU
		Release|x64 = Release|x64
		Release|x86 = Release|x86
	EndGlobalSection
	GlobalSection(ProjectConfigurationPlatforms) = postSolution
		{0633C3FD-55EE-438F-9897-37915CF88F76}.Debug|Any CPU.ActiveCfg = Debug|Any CPU
		{0633C3FD-55EE-438F-9897-37915CF88F76}.Debug|Any CPU.Build.0 = Debug|Any CPU
		{0633C3FD-55EE-438F-9897-37915CF88F76}.Debug|x64.ActiveCfg = Debug|Any CPU
		{0633C3FD-55EE-438F-9897-37915CF88F76}.Debug|x64.Build.0 = Debug|Any CPU
		{0633C3FD-55EE-438F-9897-37915CF88F76}.Debug|x86.ActiveCfg = Debug|Any CPU
		{0633C3FD-55EE-438F-9897-37915CF88F76}.Debug|x86.Build.0 = Debug|Any CPU
		{0633C3FD-55EE-438F-9897-37915CF88F76}.Release|Any CPU.ActiveCfg = Release|Any CPU
		{0633C3FD-55EE-438F-9897-37915CF88F76}.Release|Any CPU.Build.0 = Release|Any CPU
		{0633C3FD-55EE-438F-9897-37915CF88F76}.Release|x64.ActiveCfg = Release|Any CPU
		{0633C3FD-55EE-438F-9897-37915CF88F76}.Release|x64.Build.0 = Release|Any CPU
		{0633C3FD-55EE-438F-9897-37915CF88F76}.Release|x86.ActiveCfg = Release|Any CPU
		{0633C3FD-55EE-438F-9897-37915CF88F76}.Release|x86.Build.0 = Release|Any CPU
		{91B42B0F-9D5A-4E40-9803-CE3C455A1437}.Debug|Any CPU.ActiveCfg = Debug|Any CPU
		{91B42B0F-9D5A-4E40-9803-CE3C455A1437}.Debug|Any CPU.Build.0 = Debug|Any CPU
		{91B42B0F-9D5A-4E40-9803-CE3C455A1437}.Debug|x64.ActiveCfg = Debug|Any CPU
		{91B42B0F-9D5A-4E40-9803-CE3C455A1437}.Debug|x64.Build.0 = Debug|Any CPU
		{91B42B0F-9D5A-4E40-9803-CE3C455A1437}.Debug|x86.ActiveCfg = Debug|Any CPU
		{91B42B0F-9D5A-4E40-9803-CE3C455A1437}.Debug|x86.Build.0 = Debug|Any CPU
		{91B42B0F-9D5A-4E40-9803-CE3C455A1437}.Release|Any CPU.ActiveCfg = Release|Any CPU
		{91B42B0F-9D5A-4E40-9803-CE3C455A1437}.Release|Any CPU.Build.0 = Release|Any CPU
		{91B42B0F-9D5A-4E40-9803-CE3C455A1437}.Release|x64.ActiveCfg = Release|Any CPU
		{91B42B0F-9D5A-4E40-9803-CE3C455A1437}.Release|x64.Build.0 = Release|Any CPU
		{91B42B0F-9D5A-4E40-9803-CE3C455A1437}.Release|x86.ActiveCfg = Release|Any CPU
		{91B42B0F-9D5A-4E40-9803-CE3C455A1437}.Release|x86.Build.0 = Release|Any CPU
		{18E15D25-27B5-40C8-A6BA-3F76FF91F3CC}.Debug|Any CPU.ActiveCfg = Debug|Any CPU
		{18E15D25-27B5-40C8-A6BA-3F76FF91F3CC}.Debug|Any CPU.Build.0 = Debug|Any CPU
		{18E15D25-27B5-40C8-A6BA-3F76FF91F3CC}.Debug|x64.ActiveCfg = Debug|Any CPU
		{18E15D25-27B5-40C8-A6BA-3F76FF91F3CC}.Debug|x64.Build.0 = Debug|Any CPU
		{18E15D25-27B5-40C8-A6BA-3F76FF91F3CC}.Debug|x86.ActiveCfg = Debug|Any CPU
		{18E15D25-27B5-40C8-A6BA-3F76FF91F3CC}.Debug|x86.Build.0 = Debug|Any CPU
		{18E15D25-27B5-40C8-A6BA-3F76FF91F3CC}.Release|Any CPU.ActiveCfg = Release|Any CPU
		{18E15D25-27B5-40C8-A6BA-3F76FF91F3CC}.Release|Any CPU.Build.0 = Release|Any CPU
		{18E15D25-27B5-40C8-A6BA-3F76FF91F3CC}.Release|x64.ActiveCfg = Release|Any CPU
		{18E15D25-27B5-40C8-A6BA-3F76FF91F3CC}.Release|x64.Build.0 = Release|Any CPU
		{18E15D25-27B5-40C8-A6BA-3F76FF91F3CC}.Release|x86.ActiveCfg = Release|Any CPU
		{18E15D25-27B5-40C8-A6BA-3F76FF91F3CC}.Release|x86.Build.0 = Release|Any CPU
		{2687A717-5E9D-4BD5-9534-61BA6C1E1AEF}.Debug|Any CPU.ActiveCfg = Debug|Any CPU
		{2687A717-5E9D-4BD5-9534-61BA6C1E1AEF}.Debug|Any CPU.Build.0 = Debug|Any CPU
		{2687A717-5E9D-4BD5-9534-61BA6C1E1AEF}.Debug|x64.ActiveCfg = Debug|Any CPU
		{2687A717-5E9D-4BD5-9534-61BA6C1E1AEF}.Debug|x64.Build.0 = Debug|Any CPU
		{2687A717-5E9D-4BD5-9534-61BA6C1E1AEF}.Debug|x86.ActiveCfg = Debug|Any CPU
		{2687A717-5E9D-4BD5-9534-61BA6C1E1AEF}.Debug|x86.Build.0 = Debug|Any CPU
		{2687A717-5E9D-4BD5-9534-61BA6C1E1AEF}.Release|Any CPU.ActiveCfg = Release|Any CPU
		{2687A717-5E9D-4BD5-9534-61BA6C1E1AEF}.Release|Any CPU.Build.0 = Release|Any CPU
		{2687A717-5E9D-4BD5-9534-61BA6C1E1AEF}.Release|x64.ActiveCfg = Release|Any CPU
		{2687A717-5E9D-4BD5-9534-61BA6C1E1AEF}.Release|x64.Build.0 = Release|Any CPU
		{2687A717-5E9D-4BD5-9534-61BA6C1E1AEF}.Release|x86.ActiveCfg = Release|Any CPU
		{2687A717-5E9D-4BD5-9534-61BA6C1E1AEF}.Release|x86.Build.0 = Release|Any CPU
		{44A048BC-0667-488D-AE23-DAAC4175B1BF}.Debug|Any CPU.ActiveCfg = Debug|Any CPU
		{44A048BC-0667-488D-AE23-DAAC4175B1BF}.Debug|Any CPU.Build.0 = Debug|Any CPU
		{44A048BC-0667-488D-AE23-DAAC4175B1BF}.Debug|x64.ActiveCfg = Debug|Any CPU
		{44A048BC-0667-488D-AE23-DAAC4175B1BF}.Debug|x64.Build.0 = Debug|Any CPU
		{44A048BC-0667-488D-AE23-DAAC4175B1BF}.Debug|x86.ActiveCfg = Debug|Any CPU
		{44A048BC-0667-488D-AE23-DAAC4175B1BF}.Debug|x86.Build.0 = Debug|Any CPU
		{44A048BC-0667-488D-AE23-DAAC4175B1BF}.Release|Any CPU.ActiveCfg = Release|Any CPU
		{44A048BC-0667-488D-AE23-DAAC4175B1BF}.Release|Any CPU.Build.0 = Release|Any CPU
		{44A048BC-0667-488D-AE23-DAAC4175B1BF}.Release|x64.ActiveCfg = Release|Any CPU
		{44A048BC-0667-488D-AE23-DAAC4175B1BF}.Release|x64.Build.0 = Release|Any CPU
		{44A048BC-0667-488D-AE23-DAAC4175B1BF}.Release|x86.ActiveCfg = Release|Any CPU
		{44A048BC-0667-488D-AE23-DAAC4175B1BF}.Release|x86.Build.0 = Release|Any CPU
		{D5CC90D1-A4A9-4205-850C-1F04D51DE73D}.Debug|Any CPU.ActiveCfg = Debug|Any CPU
		{D5CC90D1-A4A9-4205-850C-1F04D51DE73D}.Debug|Any CPU.Build.0 = Debug|Any CPU
		{D5CC90D1-A4A9-4205-850C-1F04D51DE73D}.Debug|x64.ActiveCfg = Debug|Any CPU
		{D5CC90D1-A4A9-4205-850C-1F04D51DE73D}.Debug|x64.Build.0 = Debug|Any CPU
		{D5CC90D1-A4A9-4205-850C-1F04D51DE73D}.Debug|x86.ActiveCfg = Debug|Any CPU
		{D5CC90D1-A4A9-4205-850C-1F04D51DE73D}.Debug|x86.Build.0 = Debug|Any CPU
		{D5CC90D1-A4A9-4205-850C-1F04D51DE73D}.Release|Any CPU.ActiveCfg = Release|Any CPU
		{D5CC90D1-A4A9-4205-850C-1F04D51DE73D}.Release|Any CPU.Build.0 = Release|Any CPU
		{D5CC90D1-A4A9-4205-850C-1F04D51DE73D}.Release|x64.ActiveCfg = Release|Any CPU
		{D5CC90D1-A4A9-4205-850C-1F04D51DE73D}.Release|x64.Build.0 = Release|Any CPU
		{D5CC90D1-A4A9-4205-850C-1F04D51DE73D}.Release|x86.ActiveCfg = Release|Any CPU
		{D5CC90D1-A4A9-4205-850C-1F04D51DE73D}.Release|x86.Build.0 = Release|Any CPU
		{72CAB28A-D217-428F-BCB9-E2884DF8F2D5}.Debug|Any CPU.ActiveCfg = Debug|Any CPU
		{72CAB28A-D217-428F-BCB9-E2884DF8F2D5}.Debug|Any CPU.Build.0 = Debug|Any CPU
		{72CAB28A-D217-428F-BCB9-E2884DF8F2D5}.Debug|x64.ActiveCfg = Debug|Any CPU
		{72CAB28A-D217-428F-BCB9-E2884DF8F2D5}.Debug|x64.Build.0 = Debug|Any CPU
		{72CAB28A-D217-428F-BCB9-E2884DF8F2D5}.Debug|x86.ActiveCfg = Debug|Any CPU
		{72CAB28A-D217-428F-BCB9-E2884DF8F2D5}.Debug|x86.Build.0 = Debug|Any CPU
		{72CAB28A-D217-428F-BCB9-E2884DF8F2D5}.Release|Any CPU.ActiveCfg = Release|Any CPU
		{72CAB28A-D217-428F-BCB9-E2884DF8F2D5}.Release|Any CPU.Build.0 = Release|Any CPU
		{72CAB28A-D217-428F-BCB9-E2884DF8F2D5}.Release|x64.ActiveCfg = Release|Any CPU
		{72CAB28A-D217-428F-BCB9-E2884DF8F2D5}.Release|x64.Build.0 = Release|Any CPU
		{72CAB28A-D217-428F-BCB9-E2884DF8F2D5}.Release|x86.ActiveCfg = Release|Any CPU
		{72CAB28A-D217-428F-BCB9-E2884DF8F2D5}.Release|x86.Build.0 = Release|Any CPU
		{3E00E584-0962-4A61-9814-D10262C4875C}.Debug|Any CPU.ActiveCfg = Debug|Any CPU
		{3E00E584-0962-4A61-9814-D10262C4875C}.Debug|Any CPU.Build.0 = Debug|Any CPU
		{3E00E584-0962-4A61-9814-D10262C4875C}.Debug|x64.ActiveCfg = Debug|Any CPU
		{3E00E584-0962-4A61-9814-D10262C4875C}.Debug|x64.Build.0 = Debug|Any CPU
		{3E00E584-0962-4A61-9814-D10262C4875C}.Debug|x86.ActiveCfg = Debug|Any CPU
		{3E00E584-0962-4A61-9814-D10262C4875C}.Debug|x86.Build.0 = Debug|Any CPU
		{3E00E584-0962-4A61-9814-D10262C4875C}.Release|Any CPU.ActiveCfg = Release|Any CPU
		{3E00E584-0962-4A61-9814-D10262C4875C}.Release|Any CPU.Build.0 = Release|Any CPU
		{3E00E584-0962-4A61-9814-D10262C4875C}.Release|x64.ActiveCfg = Release|Any CPU
		{3E00E584-0962-4A61-9814-D10262C4875C}.Release|x64.Build.0 = Release|Any CPU
		{3E00E584-0962-4A61-9814-D10262C4875C}.Release|x86.ActiveCfg = Release|Any CPU
		{3E00E584-0962-4A61-9814-D10262C4875C}.Release|x86.Build.0 = Release|Any CPU
	EndGlobalSection
	GlobalSection(SolutionProperties) = preSolution
		HideSolutionNode = FALSE
	EndGlobalSection
	GlobalSection(NestedProjects) = preSolution
		{0633C3FD-55EE-438F-9897-37915CF88F76} = {10B83B43-B851-4B70-B2C3-1CF4E507235E}
		{91B42B0F-9D5A-4E40-9803-CE3C455A1437} = {688513B6-F847-4834-8770-21037905B973}
		{18E15D25-27B5-40C8-A6BA-3F76FF91F3CC} = {10B83B43-B851-4B70-B2C3-1CF4E507235E}
		{2687A717-5E9D-4BD5-9534-61BA6C1E1AEF} = {10B83B43-B851-4B70-B2C3-1CF4E507235E}
		{44A048BC-0667-488D-AE23-DAAC4175B1BF} = {10B83B43-B851-4B70-B2C3-1CF4E507235E}
		{D5CC90D1-A4A9-4205-850C-1F04D51DE73D} = {10B83B43-B851-4B70-B2C3-1CF4E507235E}
		{72CAB28A-D217-428F-BCB9-E2884DF8F2D5} = {10B83B43-B851-4B70-B2C3-1CF4E507235E}
		{3E00E584-0962-4A61-9814-D10262C4875C} = {10B83B43-B851-4B70-B2C3-1CF4E507235E}
	EndGlobalSection
	GlobalSection(ExtensibilityGlobals) = postSolution
		SolutionGuid = {79DAF4EE-26B6-4A05-9DFA-005B6161B392}
	EndGlobalSection
EndGlobal
